
Microsoft Visual Studio Solution File, Format Version 12.00
# Visual Studio Version 17
VisualStudioVersion = 17.3.32811.315
MinimumVisualStudioVersion = 10.0.40219.1
Project("{9A19103F-16F7-4668-BE54-9A1E7A4F7556}") = "Octree", "Octree\Octree.csproj", "{B6B62BB9-05AF-40AF-81C7-B72355C09C34}"
EndProject
Project("{FAE04EC0-301F-11D3-BF4B-00C04F79EFBC}") = "Octree.Tests", "Octree.Tests\Octree.Tests.csproj", "{41ED2C33-EB3F-4CDE-A806-99F6A6FEA283}"
EndProject
Global
	GlobalSection(SolutionConfigurationPlatforms) = preSolution
		Debug|Any CPU = Debug|Any CPU
		Release|Any CPU = Release|Any CPU
	EndGlobalSection
	GlobalSection(ProjectConfigurationPlatforms) = postSolution
		{B6B62BB9-05AF-40AF-81C7-B72355C09C34}.Debug|Any CPU.ActiveCfg = Debug|Any CPU
		{B6B62BB9-05AF-40AF-81C7-B72355C09C34}.Debug|Any CPU.Build.0 = Debug|Any CPU
		{B6B62BB9-05AF-40AF-81C7-B72355C09C34}.Release|Any CPU.ActiveCfg = Release|Any CPU
		{B6B62BB9-05AF-40AF-81C7-B72355C09C34}.Release|Any CPU.Build.0 = Release|Any CPU
		{41ED2C33-EB3F-4CDE-A806-99F6A6FEA283}.Debug|Any CPU.ActiveCfg = Debug|Any CPU
		{41ED2C33-EB3F-4CDE-A806-99F6A6FEA283}.Debug|Any CPU.Build.0 = Debug|Any CPU
		{41ED2C33-EB3F-4CDE-A806-99F6A6FEA283}.Release|Any CPU.ActiveCfg = Release|Any CPU
		{41ED2C33-EB3F-4CDE-A806-99F6A6FEA283}.Release|Any CPU.Build.0 = Release|Any CPU
	EndGlobalSection
	GlobalSection(SolutionProperties) = preSolution
		HideSolutionNode = FALSE
	EndGlobalSection
	GlobalSection(ExtensibilityGlobals) = postSolution
		SolutionGuid = {5BA9E959-754B-4C40-A481-BEABD361A6C2}
	EndGlobalSection
EndGlobal
